// !$*UTF8*$!
{
	archiveVersion = 1;
	classes = {
	};
	objectVersion = 51;
	objects = {

/* Begin PBXBuildFile section */
		28DE856BC3F602ECFF0DCB3F /* Pods_GUserList.framework in Frameworks */ = {isa = PBXBuildFile; fileRef = 13D2BC16C452E0E95740359A /* Pods_GUserList.framework */; };
		960FEC45B32111F32D5401F7 /* Pods_GUserListTests.framework in Frameworks */ = {isa = PBXBuildFile; fileRef = 05C9D82E165FC936B93A50EC /* Pods_GUserListTests.framework */; };
		B602A29D2418D83A00BB71CA /* WebService.swift in Sources */ = {isa = PBXBuildFile; fileRef = B602A29C2418D83A00BB71CA /* WebService.swift */; };
		B66A1093241929C0001A392C /* GHUser.swift in Sources */ = {isa = PBXBuildFile; fileRef = B66A1092241929C0001A392C /* GHUser.swift */; };
		B69B04D5241936F7003785F5 /* ViewControllerViewModel.swift in Sources */ = {isa = PBXBuildFile; fileRef = B69B04D4241936F7003785F5 /* ViewControllerViewModel.swift */; };
		B69B04D7241939E8003785F5 /* UserListCellViewModel.swift in Sources */ = {isa = PBXBuildFile; fileRef = B69B04D6241939E8003785F5 /* UserListCellViewModel.swift */; };
		B69B04DA24193A63003785F5 /* UserListCell.swift in Sources */ = {isa = PBXBuildFile; fileRef = B69B04D924193A63003785F5 /* UserListCell.swift */; };
		B69B04DD24193C9C003785F5 /* CardView.swift in Sources */ = {isa = PBXBuildFile; fileRef = B69B04DC24193C9C003785F5 /* CardView.swift */; };
		B69B04DF2419D9A8003785F5 /* DetailViewController.swift in Sources */ = {isa = PBXBuildFile; fileRef = B69B04DE2419D9A8003785F5 /* DetailViewController.swift */; };
		B69B04E12419D9E4003785F5 /* DetailViewModel.swift in Sources */ = {isa = PBXBuildFile; fileRef = B69B04E02419D9E4003785F5 /* DetailViewModel.swift */; };
		B6F269B52418BD230003190A /* AppDelegate.swift in Sources */ = {isa = PBXBuildFile; fileRef = B6F269B42418BD230003190A /* AppDelegate.swift */; };
		B6F269B72418BD230003190A /* SceneDelegate.swift in Sources */ = {isa = PBXBuildFile; fileRef = B6F269B62418BD230003190A /* SceneDelegate.swift */; };
		B6F269B92418BD230003190A /* ViewController.swift in Sources */ = {isa = PBXBuildFile; fileRef = B6F269B82418BD230003190A /* ViewController.swift */; };
		B6F269BC2418BD230003190A /* Main.storyboard in Resources */ = {isa = PBXBuildFile; fileRef = B6F269BA2418BD230003190A /* Main.storyboard */; };
		B6F269BE2418BD290003190A /* Assets.xcassets in Resources */ = {isa = PBXBuildFile; fileRef = B6F269BD2418BD290003190A /* Assets.xcassets */; };
		B6F269C12418BD2A0003190A /* LaunchScreen.storyboard in Resources */ = {isa = PBXBuildFile; fileRef = B6F269BF2418BD2A0003190A /* LaunchScreen.storyboard */; };
		B6F269CC2418BD2A0003190A /* GUserListTests.swift in Sources */ = {isa = PBXBuildFile; fileRef = B6F269CB2418BD2A0003190A /* GUserListTests.swift */; };
		B6F269D72418BD2A0003190A /* GUserListUITests.swift in Sources */ = {isa = PBXBuildFile; fileRef = B6F269D62418BD2A0003190A /* GUserListUITests.swift */; };
		C40F830B514DB7CB9A1ED389 /* Pods_GUserList_GUserListUITests.framework in Frameworks */ = {isa = PBXBuildFile; fileRef = ACD1DE8EC160F23F0F27F607 /* Pods_GUserList_GUserListUITests.framework */; };
/* End PBXBuildFile section */

/* Begin PBXContainerItemProxy section */
		B6F269C82418BD2A0003190A /* PBXContainerItemProxy */ = {
			isa = PBXContainerItemProxy;
			containerPortal = B6F269A92418BD230003190A /* Project object */;
			proxyType = 1;
			remoteGlobalIDString = B6F269B02418BD230003190A;
			remoteInfo = GUserList;
		};
		B6F269D32418BD2A0003190A /* PBXContainerItemProxy */ = {
			isa = PBXContainerItemProxy;
			containerPortal = B6F269A92418BD230003190A /* Project object */;
			proxyType = 1;
			remoteGlobalIDString = B6F269B02418BD230003190A;
			remoteInfo = GUserList;
		};
/* End PBXContainerItemProxy section */

/* Begin PBXFileReference section */
		05C9D82E165FC936B93A50EC /* Pods_GUserListTests.framework */ = {isa = PBXFileReference; explicitFileType = wrapper.framework; includeInIndex = 0; path = Pods_GUserListTests.framework; sourceTree = BUILT_PRODUCTS_DIR; };
		13D2BC16C452E0E95740359A /* Pods_GUserList.framework */ = {isa = PBXFileReference; explicitFileType = wrapper.framework; includeInIndex = 0; path = Pods_GUserList.framework; sourceTree = BUILT_PRODUCTS_DIR; };
		22C5AEB9F0CBB0268AA30189 /* Pods-GUserList-GUserListUITests.debug.xcconfig */ = {isa = PBXFileReference; includeInIndex = 1; lastKnownFileType = text.xcconfig; name = "Pods-GUserList-GUserListUITests.debug.xcconfig"; path = "Target Support Files/Pods-GUserList-GUserListUITests/Pods-GUserList-GUserListUITests.debug.xcconfig"; sourceTree = "<group>"; };
		6D67EC0E03ABDAE2CFADDAE0 /* Pods-GUserListTests.debug.xcconfig */ = {isa = PBXFileReference; includeInIndex = 1; lastKnownFileType = text.xcconfig; name = "Pods-GUserListTests.debug.xcconfig"; path = "Target Support Files/Pods-GUserListTests/Pods-GUserListTests.debug.xcconfig"; sourceTree = "<group>"; };
		854ED1800B79356DF0911376 /* Pods-GUserList-GUserListUITests.release.xcconfig */ = {isa = PBXFileReference; includeInIndex = 1; lastKnownFileType = text.xcconfig; name = "Pods-GUserList-GUserListUITests.release.xcconfig"; path = "Target Support Files/Pods-GUserList-GUserListUITests/Pods-GUserList-GUserListUITests.release.xcconfig"; sourceTree = "<group>"; };
		9637A47199EF333CCE7D4D0A /* Pods-GUserList.release.xcconfig */ = {isa = PBXFileReference; includeInIndex = 1; lastKnownFileType = text.xcconfig; name = "Pods-GUserList.release.xcconfig"; path = "Target Support Files/Pods-GUserList/Pods-GUserList.release.xcconfig"; sourceTree = "<group>"; };
		97E3CC5C2B6DF509977D0B99 /* Pods-GUserList.debug.xcconfig */ = {isa = PBXFileReference; includeInIndex = 1; lastKnownFileType = text.xcconfig; name = "Pods-GUserList.debug.xcconfig"; path = "Target Support Files/Pods-GUserList/Pods-GUserList.debug.xcconfig"; sourceTree = "<group>"; };
		ACD1DE8EC160F23F0F27F607 /* Pods_GUserList_GUserListUITests.framework */ = {isa = PBXFileReference; explicitFileType = wrapper.framework; includeInIndex = 0; path = Pods_GUserList_GUserListUITests.framework; sourceTree = BUILT_PRODUCTS_DIR; };
		B602A29C2418D83A00BB71CA /* WebService.swift */ = {isa = PBXFileReference; lastKnownFileType = sourcecode.swift; path = WebService.swift; sourceTree = "<group>"; };
		B66A1092241929C0001A392C /* GHUser.swift */ = {isa = PBXFileReference; lastKnownFileType = sourcecode.swift; path = GHUser.swift; sourceTree = "<group>"; };
		B69B04D4241936F7003785F5 /* ViewControllerViewModel.swift */ = {isa = PBXFileReference; lastKnownFileType = sourcecode.swift; path = ViewControllerViewModel.swift; sourceTree = "<group>"; };
		B69B04D6241939E8003785F5 /* UserListCellViewModel.swift */ = {isa = PBXFileReference; lastKnownFileType = sourcecode.swift; path = UserListCellViewModel.swift; sourceTree = "<group>"; };
		B69B04D924193A63003785F5 /* UserListCell.swift */ = {isa = PBXFileReference; lastKnownFileType = sourcecode.swift; path = UserListCell.swift; sourceTree = "<group>"; };
		B69B04DC24193C9C003785F5 /* CardView.swift */ = {isa = PBXFileReference; lastKnownFileType = sourcecode.swift; path = CardView.swift; sourceTree = "<group>"; };
		B69B04DE2419D9A8003785F5 /* DetailViewController.swift */ = {isa = PBXFileReference; lastKnownFileType = sourcecode.swift; path = DetailViewController.swift; sourceTree = "<group>"; };
		B69B04E02419D9E4003785F5 /* DetailViewModel.swift */ = {isa = PBXFileReference; lastKnownFileType = sourcecode.swift; path = DetailViewModel.swift; sourceTree = "<group>"; };
		B6F269B12418BD230003190A /* GUserList.app */ = {isa = PBXFileReference; explicitFileType = wrapper.application; includeInIndex = 0; path = GUserList.app; sourceTree = BUILT_PRODUCTS_DIR; };
		B6F269B42418BD230003190A /* AppDelegate.swift */ = {isa = PBXFileReference; lastKnownFileType = sourcecode.swift; path = AppDelegate.swift; sourceTree = "<group>"; };
		B6F269B62418BD230003190A /* SceneDelegate.swift */ = {isa = PBXFileReference; lastKnownFileType = sourcecode.swift; path = SceneDelegate.swift; sourceTree = "<group>"; };
		B6F269B82418BD230003190A /* ViewController.swift */ = {isa = PBXFileReference; lastKnownFileType = sourcecode.swift; path = ViewController.swift; sourceTree = "<group>"; };
		B6F269BB2418BD230003190A /* Base */ = {isa = PBXFileReference; lastKnownFileType = file.storyboard; name = Base; path = Base.lproj/Main.storyboard; sourceTree = "<group>"; };
		B6F269BD2418BD290003190A /* Assets.xcassets */ = {isa = PBXFileReference; lastKnownFileType = folder.assetcatalog; path = Assets.xcassets; sourceTree = "<group>"; };
		B6F269C02418BD2A0003190A /* Base */ = {isa = PBXFileReference; lastKnownFileType = file.storyboard; name = Base; path = Base.lproj/LaunchScreen.storyboard; sourceTree = "<group>"; };
		B6F269C22418BD2A0003190A /* Info.plist */ = {isa = PBXFileReference; lastKnownFileType = text.plist.xml; path = Info.plist; sourceTree = "<group>"; };
		B6F269C72418BD2A0003190A /* GUserListTests.xctest */ = {isa = PBXFileReference; explicitFileType = wrapper.cfbundle; includeInIndex = 0; path = GUserListTests.xctest; sourceTree = BUILT_PRODUCTS_DIR; };
		B6F269CB2418BD2A0003190A /* GUserListTests.swift */ = {isa = PBXFileReference; lastKnownFileType = sourcecode.swift; path = GUserListTests.swift; sourceTree = "<group>"; };
		B6F269CD2418BD2A0003190A /* Info.plist */ = {isa = PBXFileReference; lastKnownFileType = text.plist.xml; path = Info.plist; sourceTree = "<group>"; };
		B6F269D22418BD2A0003190A /* GUserListUITests.xctest */ = {isa = PBXFileReference; explicitFileType = wrapper.cfbundle; includeInIndex = 0; path = GUserListUITests.xctest; sourceTree = BUILT_PRODUCTS_DIR; };
		B6F269D62418BD2A0003190A /* GUserListUITests.swift */ = {isa = PBXFileReference; lastKnownFileType = sourcecode.swift; path = GUserListUITests.swift; sourceTree = "<group>"; };
		B6F269D82418BD2A0003190A /* Info.plist */ = {isa = PBXFileReference; lastKnownFileType = text.plist.xml; path = Info.plist; sourceTree = "<group>"; };
		FE334C632C22252C91533019 /* Pods-GUserListTests.release.xcconfig */ = {isa = PBXFileReference; includeInIndex = 1; lastKnownFileType = text.xcconfig; name = "Pods-GUserListTests.release.xcconfig"; path = "Target Support Files/Pods-GUserListTests/Pods-GUserListTests.release.xcconfig"; sourceTree = "<group>"; };
/* End PBXFileReference section */

/* Begin PBXFrameworksBuildPhase section */
		B6F269AE2418BD230003190A /* Frameworks */ = {
			isa = PBXFrameworksBuildPhase;
			buildActionMask = 2147483647;
			files = (
				28DE856BC3F602ECFF0DCB3F /* Pods_GUserList.framework in Frameworks */,
			);
			runOnlyForDeploymentPostprocessing = 0;
		};
		B6F269C42418BD2A0003190A /* Frameworks */ = {
			isa = PBXFrameworksBuildPhase;
			buildActionMask = 2147483647;
			files = (
				960FEC45B32111F32D5401F7 /* Pods_GUserListTests.framework in Frameworks */,
			);
			runOnlyForDeploymentPostprocessing = 0;
		};
		B6F269CF2418BD2A0003190A /* Frameworks */ = {
			isa = PBXFrameworksBuildPhase;
			buildActionMask = 2147483647;
			files = (
				C40F830B514DB7CB9A1ED389 /* Pods_GUserList_GUserListUITests.framework in Frameworks */,
			);
			runOnlyForDeploymentPostprocessing = 0;
		};
/* End PBXFrameworksBuildPhase section */

/* Begin PBXGroup section */
		1F2661C4398E3AE6D9B0FF44 /* Pods */ = {
			isa = PBXGroup;
			children = (
				97E3CC5C2B6DF509977D0B99 /* Pods-GUserList.debug.xcconfig */,
				9637A47199EF333CCE7D4D0A /* Pods-GUserList.release.xcconfig */,
				22C5AEB9F0CBB0268AA30189 /* Pods-GUserList-GUserListUITests.debug.xcconfig */,
				854ED1800B79356DF0911376 /* Pods-GUserList-GUserListUITests.release.xcconfig */,
				6D67EC0E03ABDAE2CFADDAE0 /* Pods-GUserListTests.debug.xcconfig */,
				FE334C632C22252C91533019 /* Pods-GUserListTests.release.xcconfig */,
			);
			path = Pods;
			sourceTree = "<group>";
		};
		5FCD73CE9157E5FFEF558F81 /* Frameworks */ = {
			isa = PBXGroup;
			children = (
				13D2BC16C452E0E95740359A /* Pods_GUserList.framework */,
				ACD1DE8EC160F23F0F27F607 /* Pods_GUserList_GUserListUITests.framework */,
				05C9D82E165FC936B93A50EC /* Pods_GUserListTests.framework */,
			);
			name = Frameworks;
			sourceTree = "<group>";
		};
		B602A29A2418D7C400BB71CA /* Controller */ = {
			isa = PBXGroup;
			children = (
				B6F269B82418BD230003190A /* ViewController.swift */,
				B69B04DE2419D9A8003785F5 /* DetailViewController.swift */,
			);
			path = Controller;
			sourceTree = "<group>";
		};
		B602A29B2418D80200BB71CA /* Service */ = {
			isa = PBXGroup;
			children = (
				B602A29C2418D83A00BB71CA /* WebService.swift */,
			);
			path = Service;
			sourceTree = "<group>";
		};
		B66A10912419298C001A392C /* Model */ = {
			isa = PBXGroup;
			children = (
				B66A1092241929C0001A392C /* GHUser.swift */,
			);
			path = Model;
			sourceTree = "<group>";
		};
		B66A1094241935B9001A392C /* View */ = {
			isa = PBXGroup;
			children = (
				B69B04D924193A63003785F5 /* UserListCell.swift */,
			);
			path = View;
			sourceTree = "<group>";
		};
		B66A1095241935F7001A392C /* ViewModel */ = {
			isa = PBXGroup;
			children = (
				B69B04D4241936F7003785F5 /* ViewControllerViewModel.swift */,
				B69B04D6241939E8003785F5 /* UserListCellViewModel.swift */,
				B69B04E02419D9E4003785F5 /* DetailViewModel.swift */,
			);
			path = ViewModel;
			sourceTree = "<group>";
		};
		B69B04D824193A2C003785F5 /* Storyboard */ = {
			isa = PBXGroup;
			children = (
				B6F269BA2418BD230003190A /* Main.storyboard */,
				B6F269BF2418BD2A0003190A /* LaunchScreen.storyboard */,
			);
			path = Storyboard;
			sourceTree = "<group>";
		};
		B69B04DB24193C4C003785F5 /* UIStyle */ = {
			isa = PBXGroup;
			children = (
				B69B04DC24193C9C003785F5 /* CardView.swift */,
			);
			path = UIStyle;
			sourceTree = "<group>";
		};
		B6F269A82418BD230003190A = {
			isa = PBXGroup;
			children = (
				B6F269B32418BD230003190A /* GUserList */,
				B6F269CA2418BD2A0003190A /* GUserListTests */,
				B6F269D52418BD2A0003190A /* GUserListUITests */,
				B6F269B22418BD230003190A /* Products */,
				1F2661C4398E3AE6D9B0FF44 /* Pods */,
				5FCD73CE9157E5FFEF558F81 /* Frameworks */,
			);
			sourceTree = "<group>";
		};
		B6F269B22418BD230003190A /* Products */ = {
			isa = PBXGroup;
			children = (
				B6F269B12418BD230003190A /* GUserList.app */,
				B6F269C72418BD2A0003190A /* GUserListTests.xctest */,
				B6F269D22418BD2A0003190A /* GUserListUITests.xctest */,
			);
			name = Products;
			sourceTree = "<group>";
		};
		B6F269B32418BD230003190A /* GUserList */ = {
			isa = PBXGroup;
			children = (
				B69B04DB24193C4C003785F5 /* UIStyle */,
				B69B04D824193A2C003785F5 /* Storyboard */,
				B602A29B2418D80200BB71CA /* Service */,
				B66A1094241935B9001A392C /* View */,
				B66A10912419298C001A392C /* Model */,
				B66A1095241935F7001A392C /* ViewModel */,
				B602A29A2418D7C400BB71CA /* Controller */,
				B6F269B42418BD230003190A /* AppDelegate.swift */,
				B6F269B62418BD230003190A /* SceneDelegate.swift */,
				B6F269BD2418BD290003190A /* Assets.xcassets */,
				B6F269C22418BD2A0003190A /* Info.plist */,
			);
			path = GUserList;
			sourceTree = "<group>";
		};
		B6F269CA2418BD2A0003190A /* GUserListTests */ = {
			isa = PBXGroup;
			children = (
				B6F269CB2418BD2A0003190A /* GUserListTests.swift */,
				B6F269CD2418BD2A0003190A /* Info.plist */,
			);
			path = GUserListTests;
			sourceTree = "<group>";
		};
		B6F269D52418BD2A0003190A /* GUserListUITests */ = {
			isa = PBXGroup;
			children = (
				B6F269D62418BD2A0003190A /* GUserListUITests.swift */,
				B6F269D82418BD2A0003190A /* Info.plist */,
			);
			path = GUserListUITests;
			sourceTree = "<group>";
		};
/* End PBXGroup section */

/* Begin PBXNativeTarget section */
		B6F269B02418BD230003190A /* GUserList */ = {
			isa = PBXNativeTarget;
			buildConfigurationList = B6F269DB2418BD2A0003190A /* Build configuration list for PBXNativeTarget "GUserList" */;
			buildPhases = (
				875296399FE471E0BBE9494A /* [CP] Check Pods Manifest.lock */,
				B6F269AD2418BD230003190A /* Sources */,
				B6F269AE2418BD230003190A /* Frameworks */,
				B6F269AF2418BD230003190A /* Resources */,
				830287F81686965EB7FC65FB /* [CP] Embed Pods Frameworks */,
			);
			buildRules = (
			);
			dependencies = (
			);
			name = GUserList;
			productName = GUserList;
			productReference = B6F269B12418BD230003190A /* GUserList.app */;
			productType = "com.apple.product-type.application";
		};
		B6F269C62418BD2A0003190A /* GUserListTests */ = {
			isa = PBXNativeTarget;
			buildConfigurationList = B6F269DE2418BD2A0003190A /* Build configuration list for PBXNativeTarget "GUserListTests" */;
			buildPhases = (
				E81090231E1C72995DDFC4F2 /* [CP] Check Pods Manifest.lock */,
				B6F269C32418BD2A0003190A /* Sources */,
				B6F269C42418BD2A0003190A /* Frameworks */,
				B6F269C52418BD2A0003190A /* Resources */,
			);
			buildRules = (
			);
			dependencies = (
				B6F269C92418BD2A0003190A /* PBXTargetDependency */,
			);
			name = GUserListTests;
			productName = GUserListTests;
			productReference = B6F269C72418BD2A0003190A /* GUserListTests.xctest */;
			productType = "com.apple.product-type.bundle.unit-test";
		};
		B6F269D12418BD2A0003190A /* GUserListUITests */ = {
			isa = PBXNativeTarget;
			buildConfigurationList = B6F269E12418BD2A0003190A /* Build configuration list for PBXNativeTarget "GUserListUITests" */;
			buildPhases = (
				D0E61BCF0E20E080CA142ACC /* [CP] Check Pods Manifest.lock */,
				B6F269CE2418BD2A0003190A /* Sources */,
				B6F269CF2418BD2A0003190A /* Frameworks */,
				B6F269D02418BD2A0003190A /* Resources */,
				F5BAEB9F7150F18E87AA18C6 /* [CP] Embed Pods Frameworks */,
			);
			buildRules = (
			);
			dependencies = (
				B6F269D42418BD2A0003190A /* PBXTargetDependency */,
			);
			name = GUserListUITests;
			productName = GUserListUITests;
			productReference = B6F269D22418BD2A0003190A /* GUserListUITests.xctest */;
			productType = "com.apple.product-type.bundle.ui-testing";
		};
/* End PBXNativeTarget section */

/* Begin PBXProject section */
		B6F269A92418BD230003190A /* Project object */ = {
			isa = PBXProject;
			attributes = {
				LastSwiftUpdateCheck = 1130;
				LastUpgradeCheck = 1130;
				ORGANIZATIONNAME = "蕭文安";
				TargetAttributes = {
					B6F269B02418BD230003190A = {
						CreatedOnToolsVersion = 11.3.1;
					};
					B6F269C62418BD2A0003190A = {
						CreatedOnToolsVersion = 11.3.1;
						TestTargetID = B6F269B02418BD230003190A;
					};
					B6F269D12418BD2A0003190A = {
						CreatedOnToolsVersion = 11.3.1;
						TestTargetID = B6F269B02418BD230003190A;
					};
				};
			};
			buildConfigurationList = B6F269AC2418BD230003190A /* Build configuration list for PBXProject "GUserList" */;
			compatibilityVersion = "Xcode 9.3";
			developmentRegion = en;
			hasScannedForEncodings = 0;
			knownRegions = (
				en,
				Base,
			);
			mainGroup = B6F269A82418BD230003190A;
			productRefGroup = B6F269B22418BD230003190A /* Products */;
			projectDirPath = "";
			projectRoot = "";
			targets = (
				B6F269B02418BD230003190A /* GUserList */,
				B6F269C62418BD2A0003190A /* GUserListTests */,
				B6F269D12418BD2A0003190A /* GUserListUITests */,
			);
		};
/* End PBXProject section */

/* Begin PBXResourcesBuildPhase section */
		B6F269AF2418BD230003190A /* Resources */ = {
			isa = PBXResourcesBuildPhase;
			buildActionMask = 2147483647;
			files = (
				B6F269C12418BD2A0003190A /* LaunchScreen.storyboard in Resources */,
				B6F269BE2418BD290003190A /* Assets.xcassets in Resources */,
				B6F269BC2418BD230003190A /* Main.storyboard in Resources */,
			);
			runOnlyForDeploymentPostprocessing = 0;
		};
		B6F269C52418BD2A0003190A /* Resources */ = {
			isa = PBXResourcesBuildPhase;
			buildActionMask = 2147483647;
			files = (
			);
			runOnlyForDeploymentPostprocessing = 0;
		};
		B6F269D02418BD2A0003190A /* Resources */ = {
			isa = PBXResourcesBuildPhase;
			buildActionMask = 2147483647;
			files = (
			);
			runOnlyForDeploymentPostprocessing = 0;
		};
/* End PBXResourcesBuildPhase section */

/* Begin PBXShellScriptBuildPhase section */
		830287F81686965EB7FC65FB /* [CP] Embed Pods Frameworks */ = {
			isa = PBXShellScriptBuildPhase;
			buildActionMask = 2147483647;
			files = (
			);
			inputFileListPaths = (
				"${PODS_ROOT}/Target Support Files/Pods-GUserList/Pods-GUserList-frameworks-${CONFIGURATION}-input-files.xcfilelist",
			);
			name = "[CP] Embed Pods Frameworks";
			outputFileListPaths = (
				"${PODS_ROOT}/Target Support Files/Pods-GUserList/Pods-GUserList-frameworks-${CONFIGURATION}-output-files.xcfilelist",
			);
			runOnlyForDeploymentPostprocessing = 0;
			shellPath = /bin/sh;
			shellScript = "\"${PODS_ROOT}/Target Support Files/Pods-GUserList/Pods-GUserList-frameworks.sh\"\n";
			showEnvVarsInLog = 0;
		};
		875296399FE471E0BBE9494A /* [CP] Check Pods Manifest.lock */ = {
			isa = PBXShellScriptBuildPhase;
			buildActionMask = 2147483647;
			files = (
			);
			inputFileListPaths = (
			);
			inputPaths = (
				"${PODS_PODFILE_DIR_PATH}/Podfile.lock",
				"${PODS_ROOT}/Manifest.lock",
			);
			name = "[CP] Check Pods Manifest.lock";
			outputFileListPaths = (
			);
			outputPaths = (
				"$(DERIVED_FILE_DIR)/Pods-GUserList-checkManifestLockResult.txt",
			);
			runOnlyForDeploymentPostprocessing = 0;
			shellPath = /bin/sh;
			shellScript = "diff \"${PODS_PODFILE_DIR_PATH}/Podfile.lock\" \"${PODS_ROOT}/Manifest.lock\" > /dev/null\nif [ $? != 0 ] ; then\n    # print error to STDERR\n    echo \"error: The sandbox is not in sync with the Podfile.lock. Run 'pod install' or update your CocoaPods installation.\" >&2\n    exit 1\nfi\n# This output is used by Xcode 'outputs' to avoid re-running this script phase.\necho \"SUCCESS\" > \"${SCRIPT_OUTPUT_FILE_0}\"\n";
			showEnvVarsInLog = 0;
		};
		D0E61BCF0E20E080CA142ACC /* [CP] Check Pods Manifest.lock */ = {
			isa = PBXShellScriptBuildPhase;
			buildActionMask = 2147483647;
			files = (
			);
			inputFileListPaths = (
			);
			inputPaths = (
				"${PODS_PODFILE_DIR_PATH}/Podfile.lock",
				"${PODS_ROOT}/Manifest.lock",
			);
			name = "[CP] Check Pods Manifest.lock";
			outputFileListPaths = (
			);
			outputPaths = (
				"$(DERIVED_FILE_DIR)/Pods-GUserList-GUserListUITests-checkManifestLockResult.txt",
			);
			runOnlyForDeploymentPostprocessing = 0;
			shellPath = /bin/sh;
			shellScript = "diff \"${PODS_PODFILE_DIR_PATH}/Podfile.lock\" \"${PODS_ROOT}/Manifest.lock\" > /dev/null\nif [ $? != 0 ] ; then\n    # print error to STDERR\n    echo \"error: The sandbox is not in sync with the Podfile.lock. Run 'pod install' or update your CocoaPods installation.\" >&2\n    exit 1\nfi\n# This output is used by Xcode 'outputs' to avoid re-running this script phase.\necho \"SUCCESS\" > \"${SCRIPT_OUTPUT_FILE_0}\"\n";
			showEnvVarsInLog = 0;
		};
		E81090231E1C72995DDFC4F2 /* [CP] Check Pods Manifest.lock */ = {
			isa = PBXShellScriptBuildPhase;
			buildActionMask = 2147483647;
			files = (
			);
			inputFileListPaths = (
			);
			inputPaths = (
				"${PODS_PODFILE_DIR_PATH}/Podfile.lock",
				"${PODS_ROOT}/Manifest.lock",
			);
			name = "[CP] Check Pods Manifest.lock";
			outputFileListPaths = (
			);
			outputPaths = (
				"$(DERIVED_FILE_DIR)/Pods-GUserListTests-checkManifestLockResult.txt",
			);
			runOnlyForDeploymentPostprocessing = 0;
			shellPath = /bin/sh;
			shellScript = "diff \"${PODS_PODFILE_DIR_PATH}/Podfile.lock\" \"${PODS_ROOT}/Manifest.lock\" > /dev/null\nif [ $? != 0 ] ; then\n    # print error to STDERR\n    echo \"error: The sandbox is not in sync with the Podfile.lock. Run 'pod install' or update your CocoaPods installation.\" >&2\n    exit 1\nfi\n# This output is used by Xcode 'outputs' to avoid re-running this script phase.\necho \"SUCCESS\" > \"${SCRIPT_OUTPUT_FILE_0}\"\n";
			showEnvVarsInLog = 0;
		};
		F5BAEB9F7150F18E87AA18C6 /* [CP] Embed Pods Frameworks */ = {
			isa = PBXShellScriptBuildPhase;
			buildActionMask = 2147483647;
			files = (
			);
			inputFileListPaths = (
				"${PODS_ROOT}/Target Support Files/Pods-GUserList-GUserListUITests/Pods-GUserList-GUserListUITests-frameworks-${CONFIGURATION}-input-files.xcfilelist",
			);
			name = "[CP] Embed Pods Frameworks";
			outputFileListPaths = (
				"${PODS_ROOT}/Target Support Files/Pods-GUserList-GUserListUITests/Pods-GUserList-GUserListUITests-frameworks-${CONFIGURATION}-output-files.xcfilelist",
			);
			runOnlyForDeploymentPostprocessing = 0;
			shellPath = /bin/sh;
			shellScript = "\"${PODS_ROOT}/Target Support Files/Pods-GUserList-GUserListUITests/Pods-GUserList-GUserListUITests-frameworks.sh\"\n";
			showEnvVarsInLog = 0;
		};
/* End PBXShellScriptBuildPhase section */

/* Begin PBXSourcesBuildPhase section */
		B6F269AD2418BD230003190A /* Sources */ = {
			isa = PBXSourcesBuildPhase;
			buildActionMask = 2147483647;
			files = (
				B69B04DA24193A63003785F5 /* UserListCell.swift in Sources */,
				B69B04DD24193C9C003785F5 /* CardView.swift in Sources */,
				B6F269B92418BD230003190A /* ViewController.swift in Sources */,
				B6F269B52418BD230003190A /* AppDelegate.swift in Sources */,
				B602A29D2418D83A00BB71CA /* WebService.swift in Sources */,
				B66A1093241929C0001A392C /* GHUser.swift in Sources */,
				B69B04D5241936F7003785F5 /* ViewControllerViewModel.swift in Sources */,
				B69B04DF2419D9A8003785F5 /* DetailViewController.swift in Sources */,
				B6F269B72418BD230003190A /* SceneDelegate.swift in Sources */,
				B69B04E12419D9E4003785F5 /* DetailViewModel.swift in Sources */,
				B69B04D7241939E8003785F5 /* UserListCellViewModel.swift in Sources */,
			);
			runOnlyForDeploymentPostprocessing = 0;
		};
		B6F269C32418BD2A0003190A /* Sources */ = {
			isa = PBXSourcesBuildPhase;
			buildActionMask = 2147483647;
			files = (
				B6F269CC2418BD2A0003190A /* GUserListTests.swift in Sources */,
			);
			runOnlyForDeploymentPostprocessing = 0;
		};
		B6F269CE2418BD2A0003190A /* Sources */ = {
			isa = PBXSourcesBuildPhase;
			buildActionMask = 2147483647;
			files = (
				B6F269D72418BD2A0003190A /* GUserListUITests.swift in Sources */,
			);
			runOnlyForDeploymentPostprocessing = 0;
		};
/* End PBXSourcesBuildPhase section */

/* Begin PBXTargetDependency section */
		B6F269C92418BD2A0003190A /* PBXTargetDependency */ = {
			isa = PBXTargetDependency;
			target = B6F269B02418BD230003190A /* GUserList */;
			targetProxy = B6F269C82418BD2A0003190A /* PBXContainerItemProxy */;
		};
		B6F269D42418BD2A0003190A /* PBXTargetDependency */ = {
			isa = PBXTargetDependency;
			target = B6F269B02418BD230003190A /* GUserList */;
			targetProxy = B6F269D32418BD2A0003190A /* PBXContainerItemProxy */;
		};
/* End PBXTargetDependency section */

/* Begin PBXVariantGroup section */
		B6F269BA2418BD230003190A /* Main.storyboard */ = {
			isa = PBXVariantGroup;
			children = (
				B6F269BB2418BD230003190A /* Base */,
			);
			name = Main.storyboard;
			sourceTree = "<group>";
		};
		B6F269BF2418BD2A0003190A /* LaunchScreen.storyboard */ = {
			isa = PBXVariantGroup;
			children = (
				B6F269C02418BD2A0003190A /* Base */,
			);
			name = LaunchScreen.storyboard;
			sourceTree = "<group>";
		};
/* End PBXVariantGroup section */

/* Begin XCBuildConfiguration section */
		B6F269D92418BD2A0003190A /* Debug */ = {
			isa = XCBuildConfiguration;
			buildSettings = {
				ALWAYS_SEARCH_USER_PATHS = NO;
				CLANG_ANALYZER_NONNULL = YES;
				CLANG_ANALYZER_NUMBER_OBJECT_CONVERSION = YES_AGGRESSIVE;
				CLANG_CXX_LANGUAGE_STANDARD = "gnu++14";
				CLANG_CXX_LIBRARY = "libc++";
				CLANG_ENABLE_MODULES = YES;
				CLANG_ENABLE_OBJC_ARC = YES;
				CLANG_ENABLE_OBJC_WEAK = YES;
				CLANG_WARN_BLOCK_CAPTURE_AUTORELEASING = YES;
				CLANG_WARN_BOOL_CONVERSION = YES;
				CLANG_WARN_COMMA = YES;
				CLANG_WARN_CONSTANT_CONVERSION = YES;
				CLANG_WARN_DEPRECATED_OBJC_IMPLEMENTATIONS = YES;
				CLANG_WARN_DIRECT_OBJC_ISA_USAGE = YES_ERROR;
				CLANG_WARN_DOCUMENTATION_COMMENTS = YES;
				CLANG_WARN_EMPTY_BODY = YES;
				CLANG_WARN_ENUM_CONVERSION = YES;
				CLANG_WARN_INFINITE_RECURSION = YES;
				CLANG_WARN_INT_CONVERSION = YES;
				CLANG_WARN_NON_LITERAL_NULL_CONVERSION = YES;
				CLANG_WARN_OBJC_IMPLICIT_RETAIN_SELF = YES;
				CLANG_WARN_OBJC_LITERAL_CONVERSION = YES;
				CLANG_WARN_OBJC_ROOT_CLASS = YES_ERROR;
				CLANG_WARN_RANGE_LOOP_ANALYSIS = YES;
				CLANG_WARN_STRICT_PROTOTYPES = YES;
				CLANG_WARN_SUSPICIOUS_MOVE = YES;
				CLANG_WARN_UNGUARDED_AVAILABILITY = YES_AGGRESSIVE;
				CLANG_WARN_UNREACHABLE_CODE = YES;
				CLANG_WARN__DUPLICATE_METHOD_MATCH = YES;
				COPY_PHASE_STRIP = NO;
				DEBUG_INFORMATION_FORMAT = dwarf;
				ENABLE_STRICT_OBJC_MSGSEND = YES;
				ENABLE_TESTABILITY = YES;
				GCC_C_LANGUAGE_STANDARD = gnu11;
				GCC_DYNAMIC_NO_PIC = NO;
				GCC_NO_COMMON_BLOCKS = YES;
				GCC_OPTIMIZATION_LEVEL = 0;
				GCC_PREPROCESSOR_DEFINITIONS = (
					"DEBUG=1",
					"$(inherited)",
				);
				GCC_WARN_64_TO_32_BIT_CONVERSION = YES;
				GCC_WARN_ABOUT_RETURN_TYPE = YES_ERROR;
				GCC_WARN_UNDECLARED_SELECTOR = YES;
				GCC_WARN_UNINITIALIZED_AUTOS = YES_AGGRESSIVE;
				GCC_WARN_UNUSED_FUNCTION = YES;
				GCC_WARN_UNUSED_VARIABLE = YES;
				IPHONEOS_DEPLOYMENT_TARGET = 11.0;
				MTL_ENABLE_DEBUG_INFO = INCLUDE_SOURCE;
				MTL_FAST_MATH = YES;
				ONLY_ACTIVE_ARCH = YES;
				SDKROOT = iphoneos;
				SWIFT_ACTIVE_COMPILATION_CONDITIONS = DEBUG;
				SWIFT_OPTIMIZATION_LEVEL = "-Onone";
			};
			name = Debug;
		};
		B6F269DA2418BD2A0003190A /* Release */ = {
			isa = XCBuildConfiguration;
			buildSettings = {
				ALWAYS_SEARCH_USER_PATHS = NO;
				CLANG_ANALYZER_NONNULL = YES;
				CLANG_ANALYZER_NUMBER_OBJECT_CONVERSION = YES_AGGRESSIVE;
				CLANG_CXX_LANGUAGE_STANDARD = "gnu++14";
				CLANG_CXX_LIBRARY = "libc++";
				CLANG_ENABLE_MODULES = YES;
				CLANG_ENABLE_OBJC_ARC = YES;
				CLANG_ENABLE_OBJC_WEAK = YES;
				CLANG_WARN_BLOCK_CAPTURE_AUTORELEASING = YES;
				CLANG_WARN_BOOL_CONVERSION = YES;
				CLANG_WARN_COMMA = YES;
				CLANG_WARN_CONSTANT_CONVERSION = YES;
				CLANG_WARN_DEPRECATED_OBJC_IMPLEMENTATIONS = YES;
				CLANG_WARN_DIRECT_OBJC_ISA_USAGE = YES_ERROR;
				CLANG_WARN_DOCUMENTATION_COMMENTS = YES;
				CLANG_WARN_EMPTY_BODY = YES;
				CLANG_WARN_ENUM_CONVERSION = YES;
				CLANG_WARN_INFINITE_RECURSION = YES;
				CLANG_WARN_INT_CONVERSION = YES;
				CLANG_WARN_NON_LITERAL_NULL_CONVERSION = YES;
				CLANG_WARN_OBJC_IMPLICIT_RETAIN_SELF = YES;
				CLANG_WARN_OBJC_LITERAL_CONVERSION = YES;
				CLANG_WARN_OBJC_ROOT_CLASS = YES_ERROR;
				CLANG_WARN_RANGE_LOOP_ANALYSIS = YES;
				CLANG_WARN_STRICT_PROTOTYPES = YES;
				CLANG_WARN_SUSPICIOUS_MOVE = YES;
				CLANG_WARN_UNGUARDED_AVAILABILITY = YES_AGGRESSIVE;
				CLANG_WARN_UNREACHABLE_CODE = YES;
				CLANG_WARN__DUPLICATE_METHOD_MATCH = YES;
				COPY_PHASE_STRIP = NO;
				DEBUG_INFORMATION_FORMAT = "dwarf-with-dsym";
				ENABLE_NS_ASSERTIONS = NO;
				ENABLE_STRICT_OBJC_MSGSEND = YES;
				GCC_C_LANGUAGE_STANDARD = gnu11;
				GCC_NO_COMMON_BLOCKS = YES;
				GCC_WARN_64_TO_32_BIT_CONVERSION = YES;
				GCC_WARN_ABOUT_RETURN_TYPE = YES_ERROR;
				GCC_WARN_UNDECLARED_SELECTOR = YES;
				GCC_WARN_UNINITIALIZED_AUTOS = YES_AGGRESSIVE;
				GCC_WARN_UNUSED_FUNCTION = YES;
				GCC_WARN_UNUSED_VARIABLE = YES;
				IPHONEOS_DEPLOYMENT_TARGET = 11.0;
				MTL_ENABLE_DEBUG_INFO = NO;
				MTL_FAST_MATH = YES;
				SDKROOT = iphoneos;
				SWIFT_COMPILATION_MODE = wholemodule;
				SWIFT_OPTIMIZATION_LEVEL = "-O";
				VALIDATE_PRODUCT = YES;
			};
			name = Release;
		};
		B6F269DC2418BD2A0003190A /* Debug */ = {
			isa = XCBuildConfiguration;
			baseConfigurationReference = 97E3CC5C2B6DF509977D0B99 /* Pods-GUserList.debug.xcconfig */;
			buildSettings = {
				ASSETCATALOG_COMPILER_APPICON_NAME = AppIcon;
				CODE_SIGN_STYLE = Automatic;
				DEVELOPMENT_TEAM = Q84FT7WU77;
				INFOPLIST_FILE = GUserList/Info.plist;
				IPHONEOS_DEPLOYMENT_TARGET = 11.0;
				LD_RUNPATH_SEARCH_PATHS = (
					"$(inherited)",
					"@executable_path/Frameworks",
				);
				PRODUCT_BUNDLE_IDENTIFIER = com.Bextrip.GUserList.GUserList;
				PRODUCT_NAME = "$(TARGET_NAME)";
				SWIFT_VERSION = 5.0;
				TARGETED_DEVICE_FAMILY = "1,2";
			};
			name = Debug;
		};
		B6F269DD2418BD2A0003190A /* Release */ = {
			isa = XCBuildConfiguration;
			baseConfigurationReference = 9637A47199EF333CCE7D4D0A /* Pods-GUserList.release.xcconfig */;
			buildSettings = {
				ASSETCATALOG_COMPILER_APPICON_NAME = AppIcon;
				CODE_SIGN_STYLE = Automatic;
				DEVELOPMENT_TEAM = Q84FT7WU77;
				INFOPLIST_FILE = GUserList/Info.plist;
				IPHONEOS_DEPLOYMENT_TARGET = 11.0;
				LD_RUNPATH_SEARCH_PATHS = (
					"$(inherited)",
					"@executable_path/Frameworks",
				);
				PRODUCT_BUNDLE_IDENTIFIER = com.Bextrip.GUserList.GUserList;
				PRODUCT_NAME = "$(TARGET_NAME)";
				SWIFT_VERSION = 5.0;
				TARGETED_DEVICE_FAMILY = "1,2";
			};
			name = Release;
		};
		B6F269DF2418BD2A0003190A /* Debug */ = {
			isa = XCBuildConfiguration;
			baseConfigurationReference = 6D67EC0E03ABDAE2CFADDAE0 /* Pods-GUserListTests.debug.xcconfig */;
			buildSettings = {
				ALWAYS_EMBED_SWIFT_STANDARD_LIBRARIES = YES;
				BUNDLE_LOADER = "$(TEST_HOST)";
				CODE_SIGN_STYLE = Automatic;
				DEVELOPMENT_TEAM = Q84FT7WU77;
				INFOPLIST_FILE = GUserListTests/Info.plist;
				IPHONEOS_DEPLOYMENT_TARGET = 13.2;
				LD_RUNPATH_SEARCH_PATHS = (
					"$(inherited)",
					"@executable_path/Frameworks",
					"@loader_path/Frameworks",
				);
				PRODUCT_BUNDLE_IDENTIFIER = com.Bextrip.GUserList.GUserListTests;
				PRODUCT_NAME = "$(TARGET_NAME)";
				SWIFT_VERSION = 5.0;
				TARGETED_DEVICE_FAMILY = "1,2";
				TEST_HOST = "$(BUILT_PRODUCTS_DIR)/GUserList.app/GUserList";
			};
			name = Debug;
		};
		B6F269E02418BD2A0003190A /* Release */ = {
			isa = XCBuildConfiguration;
			baseConfigurationReference = FE334C632C22252C91533019 /* Pods-GUserListTests.release.xcconfig */;
			buildSettings = {
				ALWAYS_EMBED_SWIFT_STANDARD_LIBRARIES = YES;
				BUNDLE_LOADER = "$(TEST_HOST)";
				CODE_SIGN_STYLE = Automatic;
				DEVELOPMENT_TEAM = Q84FT7WU77;
				INFOPLIST_FILE = GUserListTests/Info.plist;
				IPHONEOS_DEPLOYMENT_TARGET = 13.2;
				LD_RUNPATH_SEARCH_PATHS = (
					"$(inherited)",
					"@executable_path/Frameworks",
					"@loader_path/Frameworks",
				);
				PRODUCT_BUNDLE_IDENTIFIER = com.Bextrip.GUserList.GUserListTests;
				PRODUCT_NAME = "$(TARGET_NAME)";
				SWIFT_VERSION = 5.0;
				TARGETED_DEVICE_FAMILY = "1,2";
				TEST_HOST = "$(BUILT_PRODUCTS_DIR)/GUserList.app/GUserList";
			};
			name = Release;
		};
		B6F269E22418BD2A0003190A /* Debug */ = {
			isa = XCBuildConfiguration;
			baseConfigurationReference = 22C5AEB9F0CBB0268AA30189 /* Pods-GUserList-GUserListUITests.debug.xcconfig */;
			buildSettings = {
				ALWAYS_EMBED_SWIFT_STANDARD_LIBRARIES = YES;
				CODE_SIGN_STYLE = Automatic;
				DEVELOPMENT_TEAM = Q84FT7WU77;
				INFOPLIST_FILE = GUserListUITests/Info.plist;
				LD_RUNPATH_SEARCH_PATHS = (
					"$(inherited)",
					"@executable_path/Frameworks",
					"@loader_path/Frameworks",
				);
				PRODUCT_BUNDLE_IDENTIFIER = com.Bextrip.GUserList.GUserListUITests;
				PRODUCT_NAME = "$(TARGET_NAME)";
				SWIFT_VERSION = 5.0;
				TARGETED_DEVICE_FAMILY = "1,2";
				TEST_TARGET_NAME = GUserList;
			};
			name = Debug;
		};
		B6F269E32418BD2A0003190A /* Release */ = {
			isa = XCBuildConfiguration;
			baseConfigurationReference = 854ED1800B79356DF0911376 /* Pods-GUserList-GUserListUITests.release.xcconfig */;
			buildSettings = {
				ALWAYS_EMBED_SWIFT_STANDARD_LIBRARIES = YES;
				CODE_SIGN_STYLE = Automatic;
				DEVELOPMENT_TEAM = Q84FT7WU77;
				INFOPLIST_FILE = GUserListUITests/Info.plist;
				LD_RUNPATH_SEARCH_PATHS = (
					"$(inherited)",
					"@executable_path/Frameworks",
					"@loader_path/Frameworks",
				);
				PRODUCT_BUNDLE_IDENTIFIER = com.Bextrip.GUserList.GUserListUITests;
				PRODUCT_NAME = "$(TARGET_NAME)";
				SWIFT_VERSION = 5.0;
				TARGETED_DEVICE_FAMILY = "1,2";
				TEST_TARGET_NAME = GUserList;
			};
			name = Release;
		};
/* End XCBuildConfiguration section */

/* Begin XCConfigurationList section */
		B6F269AC2418BD230003190A /* Build configuration list for PBXProject "GUserList" */ = {
			isa = XCConfigurationList;
			buildConfigurations = (
				B6F269D92418BD2A0003190A /* Debug */,
				B6F269DA2418BD2A0003190A /* Release */,
			);
			defaultConfigurationIsVisible = 0;
			defaultConfigurationName = Release;
		};
		B6F269DB2418BD2A0003190A /* Build configuration list for PBXNativeTarget "GUserList" */ = {
			isa = XCConfigurationList;
			buildConfigurations = (
				B6F269DC2418BD2A0003190A /* Debug */,
				B6F269DD2418BD2A0003190A /* Release */,
			);
			defaultConfigurationIsVisible = 0;
			defaultConfigurationName = Release;
		};
		B6F269DE2418BD2A0003190A /* Build configuration list for PBXNativeTarget "GUserListTests" */ = {
			isa = XCConfigurationList;
			buildConfigurations = (
				B6F269DF2418BD2A0003190A /* Debug */,
				B6F269E02418BD2A0003190A /* Release */,
			);
			defaultConfigurationIsVisible = 0;
			defaultConfigurationName = Release;
		};
		B6F269E12418BD2A0003190A /* Build configuration list for PBXNativeTarget "GUserListUITests" */ = {
			isa = XCConfigurationList;
			buildConfigurations = (
				B6F269E22418BD2A0003190A /* Debug */,
				B6F269E32418BD2A0003190A /* Release */,
			);
			defaultConfigurationIsVisible = 0;
			defaultConfigurationName = Release;
		};
/* End XCConfigurationList section */
	};
	rootObject = B6F269A92418BD230003190A /* Project object */;
}
